
Microsoft Visual Studio Solution File, Format Version 12.00
# Visual Studio Version 17
VisualStudioVersion = 17.5.002.0
MinimumVisualStudioVersion = 10.0.40219.1
Project("{9A19103F-16F7-4668-BE54-9A1E7A4F7556}") = "WebApplication1", "WebApplication1.csproj", "{A8F9A477-B156-4D04-9D11-F43B1F6C2ECE}"
EndProject
Global
	GlobalSection(SolutionConfigurationPlatforms) = preSolution
		Debug|Any CPU = Debug|Any CPU
		Release|Any CPU = Release|Any CPU
	EndGlobalSection
	GlobalSection(ProjectConfigurationPlatforms) = postSolution
		{A8F9A477-B156-4D04-9D11-F43B1F6C2ECE}.Debug|Any CPU.ActiveCfg = Debug|Any CPU
		{A8F9A477-B156-4D04-9D11-F43B1F6C2ECE}.Debug|Any CPU.Build.0 = Debug|Any CPU
		{A8F9A477-B156-4D04-9D11-F43B1F6C2ECE}.Release|Any CPU.ActiveCfg = Release|Any CPU
		{A8F9A477-B156-4D04-9D11-F43B1F6C2ECE}.Release|Any CPU.Build.0 = Release|Any CPU
	EndGlobalSection
	GlobalSection(SolutionProperties) = preSolution
		HideSolutionNode = FALSE
	EndGlobalSection
	GlobalSection(ExtensibilityGlobals) = postSolution
		SolutionGuid = {F088AC63-0B33-4C21-9B13-59BD7345C0B5}
	EndGlobalSection
EndGlobal
